
Microsoft Visual Studio Solution File, Format Version 12.00
# Visual Studio Version 16
VisualStudioVersion = 16.0.31702.278
MinimumVisualStudioVersion = 10.0.40219.1
Project("{FAE04EC0-301F-11D3-BF4B-00C04F79EFBC}") = "CalculatorApp", "CalculatorApp.csproj", "{917D79F8-D905-4300-9834-0D8A0996F9B5}"
EndProject
Global
	GlobalSection(SolutionConfigurationPlatforms) = preSolution
		Debug|Any CPU = Debug|Any CPU
		Release|Any CPU = Release|Any CPU
	EndGlobalSection
	GlobalSection(ProjectConfigurationPlatforms) = postSolution
		{917D79F8-D905-4300-9834-0D8A0996F9B5}.Debug|Any CPU.ActiveCfg = Debug|Any CPU
		{917D79F8-D905-4300-9834-0D8A0996F9B5}.Debug|Any CPU.Build.0 = Debug|Any CPU
		{917D79F8-D905-4300-9834-0D8A0996F9B5}.Release|Any CPU.ActiveCfg = Release|Any CPU
		{917D79F8-D905-4300-9834-0D8A0996F9B5}.Release|Any CPU.Build.0 = Release|Any CPU
	EndGlobalSection
	GlobalSection(SolutionProperties) = preSolution
		HideSolutionNode = FALSE
	EndGlobalSection
	GlobalSection(ExtensibilityGlobals) = postSolution
		SolutionGuid = {598A7028-4987-4FEA-8387-F443E63BC121}
	EndGlobalSection
EndGlobal
